
Microsoft Visual Studio Solution File, Format Version 12.00
# Visual Studio Version 16
VisualStudioVersion = 16.0.29519.87
MinimumVisualStudioVersion = 10.0.40219.1
Project("{FAE04EC0-301F-11D3-BF4B-00C04F79EFBC}") = "prepApp", "prepApp\prepApp.csproj", "{47EB19A1-86FD-4EF1-B745-73B83B777E41}"
EndProject
Global
	GlobalSection(SolutionConfigurationPlatforms) = preSolution
		Debug|Any CPU = Debug|Any CPU
		Release|Any CPU = Release|Any CPU
	EndGlobalSection
	GlobalSection(ProjectConfigurationPlatforms) = postSolution
		{47EB19A1-86FD-4EF1-B745-73B83B777E41}.Debug|Any CPU.ActiveCfg = Debug|Any CPU
		{47EB19A1-86FD-4EF1-B745-73B83B777E41}.Debug|Any CPU.Build.0 = Debug|Any CPU
		{47EB19A1-86FD-4EF1-B745-73B83B777E41}.Release|Any CPU.ActiveCfg = Release|Any CPU
		{47EB19A1-86FD-4EF1-B745-73B83B777E41}.Release|Any CPU.Build.0 = Release|Any CPU
	EndGlobalSection
	GlobalSection(SolutionProperties) = preSolution
		HideSolutionNode = FALSE
	EndGlobalSection
	GlobalSection(ExtensibilityGlobals) = postSolution
		SolutionGuid = {3A43FC35-C955-4199-B4EA-AB6969A2494A}
	EndGlobalSection
EndGlobal
